
Microsoft Visual Studio Solution File, Format Version 12.00
# Visual Studio 15
VisualStudioVersion = 15.0.28010.2026
MinimumVisualStudioVersion = 10.0.40219.1
Project("{00D1A9C2-B5F0-4AF3-8072-F6C62B433612}") = "Database1", "Database1\Database1.sqlproj", "{4012CCB1-D803-4B95-8A39-BDFD4CA9DBED}"
EndProject
Global
	GlobalSection(SolutionConfigurationPlatforms) = preSolution
		Debug|Any CPU = Debug|Any CPU
		Release|Any CPU = Release|Any CPU
	EndGlobalSection
	GlobalSection(ProjectConfigurationPlatforms) = postSolution
		{4012CCB1-D803-4B95-8A39-BDFD4CA9DBED}.Debug|Any CPU.ActiveCfg = Debug|Any CPU
		{4012CCB1-D803-4B95-8A39-BDFD4CA9DBED}.Debug|Any CPU.Build.0 = Debug|Any CPU
		{4012CCB1-D803-4B95-8A39-BDFD4CA9DBED}.Debug|Any CPU.Deploy.0 = Debug|Any CPU
		{4012CCB1-D803-4B95-8A39-BDFD4CA9DBED}.Release|Any CPU.ActiveCfg = Release|Any CPU
		{4012CCB1-D803-4B95-8A39-BDFD4CA9DBED}.Release|Any CPU.Build.0 = Release|Any CPU
		{4012CCB1-D803-4B95-8A39-BDFD4CA9DBED}.Release|Any CPU.Deploy.0 = Release|Any CPU
	EndGlobalSection
	GlobalSection(SolutionProperties) = preSolution
		HideSolutionNode = FALSE
	EndGlobalSection
	GlobalSection(ExtensibilityGlobals) = postSolution
		SolutionGuid = {EC4DCF4D-21D5-45C0-B203-8F5077D31621}
	EndGlobalSection
EndGlobal
